
Microsoft Visual Studio Solution File, Format Version 12.00
# Visual Studio 15
VisualStudioVersion = 15.0.28307.1500
MinimumVisualStudioVersion = 10.0.40219.1
Project("{FAE04EC0-301F-11D3-BF4B-00C04F79EFBC}") = "Protocolo", "Protocolo\Protocolo.csproj", "{A39D8D4C-3CB1-4E2A-843D-31DE6BC829DF}"
EndProject
Project("{54435603-DBB4-11D2-8724-00A0C9A8B90C}") = "Sistema", "..\..\..\Users\alexb\Desktop\Protocolo.vdproj", "{6D927411-90C9-4420-B840-EE184452FC2F}"
EndProject
Project("{54435603-DBB4-11D2-8724-00A0C9A8B90C}") = "Instalador Protocolo", "Instalador Protocolo\Instalador Protocolo.vdproj", "{5C60DF22-197A-4C7A-9347-38A90ADB8CD4}"
EndProject
Global
	GlobalSection(SolutionConfigurationPlatforms) = preSolution
		Debug|Any CPU = Debug|Any CPU
		Release|Any CPU = Release|Any CPU
	EndGlobalSection
	GlobalSection(ProjectConfigurationPlatforms) = postSolution
		{A39D8D4C-3CB1-4E2A-843D-31DE6BC829DF}.Debug|Any CPU.ActiveCfg = Debug|Any CPU
		{A39D8D4C-3CB1-4E2A-843D-31DE6BC829DF}.Debug|Any CPU.Build.0 = Debug|Any CPU
		{A39D8D4C-3CB1-4E2A-843D-31DE6BC829DF}.Release|Any CPU.ActiveCfg = Release|Any CPU
		{A39D8D4C-3CB1-4E2A-843D-31DE6BC829DF}.Release|Any CPU.Build.0 = Release|Any CPU
		{6D927411-90C9-4420-B840-EE184452FC2F}.Debug|Any CPU.ActiveCfg = Debug
		{6D927411-90C9-4420-B840-EE184452FC2F}.Release|Any CPU.ActiveCfg = Release
		{5C60DF22-197A-4C7A-9347-38A90ADB8CD4}.Debug|Any CPU.ActiveCfg = Debug
		{5C60DF22-197A-4C7A-9347-38A90ADB8CD4}.Release|Any CPU.ActiveCfg = Release
	EndGlobalSection
	GlobalSection(SolutionProperties) = preSolution
		HideSolutionNode = FALSE
	EndGlobalSection
	GlobalSection(ExtensibilityGlobals) = postSolution
		SolutionGuid = {EB2E0EDD-B02D-4832-BC6E-C378D08AB6B4}
	EndGlobalSection
EndGlobal
