
Microsoft Visual Studio Solution File, Format Version 12.00
# Visual Studio 15
VisualStudioVersion = 15.0.28307.1500
MinimumVisualStudioVersion = 10.0.40219.1
Project("{FAE04EC0-301F-11D3-BF4B-00C04F79EFBC}") = "Protocolo", "Protocolo\Protocolo.csproj", "{A39D8D4C-3CB1-4E2A-843D-31DE6BC829DF}"
EndProject
Global
	GlobalSection(SolutionConfigurationPlatforms) = preSolution
		Debug|Any CPU = Debug|Any CPU
		Release|Any CPU = Release|Any CPU
	EndGlobalSection
	GlobalSection(ProjectConfigurationPlatforms) = postSolution
		{A39D8D4C-3CB1-4E2A-843D-31DE6BC829DF}.Debug|Any CPU.ActiveCfg = Debug|Any CPU
		{A39D8D4C-3CB1-4E2A-843D-31DE6BC829DF}.Debug|Any CPU.Build.0 = Debug|Any CPU
		{A39D8D4C-3CB1-4E2A-843D-31DE6BC829DF}.Release|Any CPU.ActiveCfg = Release|Any CPU
		{A39D8D4C-3CB1-4E2A-843D-31DE6BC829DF}.Release|Any CPU.Build.0 = Release|Any CPU
	EndGlobalSection
	GlobalSection(SolutionProperties) = preSolution
		HideSolutionNode = FALSE
	EndGlobalSection
	GlobalSection(ExtensibilityGlobals) = postSolution
		SolutionGuid = {EB2E0EDD-B02D-4832-BC6E-C378D08AB6B4}
	EndGlobalSection
EndGlobal
